
Microsoft Visual Studio Solution File, Format Version 12.00
# Visual Studio Version 16
VisualStudioVersion = 16.0.31729.503
MinimumVisualStudioVersion = 10.0.40219.1
Project("{FAE04EC0-301F-11D3-BF4B-00C04F79EFBC}") = "Myproject", "Myproject\Myproject.csproj", "{90DCB129-576A-42BA-84FC-56095F98373E}"
EndProject
Project("{FAE04EC0-301F-11D3-BF4B-00C04F79EFBC}") = "Myproject.Tests", "Myproject.Tests\Myproject.Tests.csproj", "{1BBE1B34-7901-4705-A0FA-7AE271940B7D}"
EndProject
Global
	GlobalSection(SolutionConfigurationPlatforms) = preSolution
		Debug|Any CPU = Debug|Any CPU
		Release|Any CPU = Release|Any CPU
	EndGlobalSection
	GlobalSection(ProjectConfigurationPlatforms) = postSolution
		{90DCB129-576A-42BA-84FC-56095F98373E}.Debug|Any CPU.ActiveCfg = Debug|Any CPU
		{90DCB129-576A-42BA-84FC-56095F98373E}.Debug|Any CPU.Build.0 = Debug|Any CPU
		{90DCB129-576A-42BA-84FC-56095F98373E}.Release|Any CPU.ActiveCfg = Release|Any CPU
		{90DCB129-576A-42BA-84FC-56095F98373E}.Release|Any CPU.Build.0 = Release|Any CPU
		{1BBE1B34-7901-4705-A0FA-7AE271940B7D}.Debug|Any CPU.ActiveCfg = Debug|Any CPU
		{1BBE1B34-7901-4705-A0FA-7AE271940B7D}.Debug|Any CPU.Build.0 = Debug|Any CPU
		{1BBE1B34-7901-4705-A0FA-7AE271940B7D}.Release|Any CPU.ActiveCfg = Release|Any CPU
		{1BBE1B34-7901-4705-A0FA-7AE271940B7D}.Release|Any CPU.Build.0 = Release|Any CPU
	EndGlobalSection
	GlobalSection(SolutionProperties) = preSolution
		HideSolutionNode = FALSE
	EndGlobalSection
	GlobalSection(ExtensibilityGlobals) = postSolution
		SolutionGuid = {571ADB82-A313-4F31-858E-E4E1DC51AFFC}
	EndGlobalSection
EndGlobal
